
Microsoft Visual Studio Solution File, Format Version 12.00
# Visual Studio 2013
VisualStudioVersion = 12.0.21005.1
MinimumVisualStudioVersion = 10.0.40219.1
Project("{FAE04EC0-301F-11D3-BF4B-00C04F79EFBC}") = "CustomFormatterLogicLayer", "CustomFormatterLogicLayer\CustomFormatterLogicLayer.csproj", "{43C3CC16-9F54-4734-8D6C-F122A5C6E434}"
EndProject
Project("{FAE04EC0-301F-11D3-BF4B-00C04F79EFBC}") = "NewtonMethodLogicLayer", "NewtonMethodLogicLayer\NewtonMethodLogicLayer.csproj", "{3CDA85B8-955F-40B7-A25C-9CF710131244}"
EndProject
Project("{FAE04EC0-301F-11D3-BF4B-00C04F79EFBC}") = "LCMAlgorithmLogicLayer", "EuclidAlgorithmLogicLayer\LCMAlgorithmLogicLayer.csproj", "{0D596CD1-0542-404C-A320-79DA873068DB}"
EndProject
Project("{FAE04EC0-301F-11D3-BF4B-00C04F79EFBC}") = "CustomFormatterUnitTest", "CustomFormatterUnitTest\CustomFormatterUnitTest.csproj", "{11C7B24C-E631-4448-B37D-2A46167BF6FF}"
EndProject
Project("{FAE04EC0-301F-11D3-BF4B-00C04F79EFBC}") = "EuclidAlgorithmUnitTest", "EuclidAlgorithmUnitTest\EuclidAlgorithmUnitTest.csproj", "{26781056-07AA-4FC1-B421-F5F8588552E3}"
EndProject
Project("{FAE04EC0-301F-11D3-BF4B-00C04F79EFBC}") = "NewtonMethodUnitTest", "NewtonMethodUnitTest\NewtonMethodUnitTest.csproj", "{BB4E7771-BCD8-40CE-8DA9-6F2620BD2688}"
EndProject
Global
	GlobalSection(SolutionConfigurationPlatforms) = preSolution
		Debug|Any CPU = Debug|Any CPU
		Release|Any CPU = Release|Any CPU
	EndGlobalSection
	GlobalSection(ProjectConfigurationPlatforms) = postSolution
		{43C3CC16-9F54-4734-8D6C-F122A5C6E434}.Debug|Any CPU.ActiveCfg = Debug|Any CPU
		{43C3CC16-9F54-4734-8D6C-F122A5C6E434}.Debug|Any CPU.Build.0 = Debug|Any CPU
		{43C3CC16-9F54-4734-8D6C-F122A5C6E434}.Release|Any CPU.ActiveCfg = Release|Any CPU
		{43C3CC16-9F54-4734-8D6C-F122A5C6E434}.Release|Any CPU.Build.0 = Release|Any CPU
		{3CDA85B8-955F-40B7-A25C-9CF710131244}.Debug|Any CPU.ActiveCfg = Debug|Any CPU
		{3CDA85B8-955F-40B7-A25C-9CF710131244}.Debug|Any CPU.Build.0 = Debug|Any CPU
		{3CDA85B8-955F-40B7-A25C-9CF710131244}.Release|Any CPU.ActiveCfg = Release|Any CPU
		{3CDA85B8-955F-40B7-A25C-9CF710131244}.Release|Any CPU.Build.0 = Release|Any CPU
		{0D596CD1-0542-404C-A320-79DA873068DB}.Debug|Any CPU.ActiveCfg = Debug|Any CPU
		{0D596CD1-0542-404C-A320-79DA873068DB}.Debug|Any CPU.Build.0 = Debug|Any CPU
		{0D596CD1-0542-404C-A320-79DA873068DB}.Release|Any CPU.ActiveCfg = Release|Any CPU
		{0D596CD1-0542-404C-A320-79DA873068DB}.Release|Any CPU.Build.0 = Release|Any CPU
		{11C7B24C-E631-4448-B37D-2A46167BF6FF}.Debug|Any CPU.ActiveCfg = Debug|Any CPU
		{11C7B24C-E631-4448-B37D-2A46167BF6FF}.Debug|Any CPU.Build.0 = Debug|Any CPU
		{11C7B24C-E631-4448-B37D-2A46167BF6FF}.Release|Any CPU.ActiveCfg = Release|Any CPU
		{11C7B24C-E631-4448-B37D-2A46167BF6FF}.Release|Any CPU.Build.0 = Release|Any CPU
		{26781056-07AA-4FC1-B421-F5F8588552E3}.Debug|Any CPU.ActiveCfg = Debug|Any CPU
		{26781056-07AA-4FC1-B421-F5F8588552E3}.Debug|Any CPU.Build.0 = Debug|Any CPU
		{26781056-07AA-4FC1-B421-F5F8588552E3}.Release|Any CPU.ActiveCfg = Release|Any CPU
		{26781056-07AA-4FC1-B421-F5F8588552E3}.Release|Any CPU.Build.0 = Release|Any CPU
		{BB4E7771-BCD8-40CE-8DA9-6F2620BD2688}.Debug|Any CPU.ActiveCfg = Debug|Any CPU
		{BB4E7771-BCD8-40CE-8DA9-6F2620BD2688}.Debug|Any CPU.Build.0 = Debug|Any CPU
		{BB4E7771-BCD8-40CE-8DA9-6F2620BD2688}.Release|Any CPU.ActiveCfg = Release|Any CPU
		{BB4E7771-BCD8-40CE-8DA9-6F2620BD2688}.Release|Any CPU.Build.0 = Release|Any CPU
	EndGlobalSection
	GlobalSection(SolutionProperties) = preSolution
		HideSolutionNode = FALSE
	EndGlobalSection
EndGlobal
